<?xml version="1.0" encoding="utf-8"?>
<Project ToolsVersion="4.0" xmlns="http://schemas.microsoft.com/developer/msbuild/2003">
  <ItemGroup>
    <Filter Include="源文件">
      <UniqueIdentifier>{4FC737F1-C7A5-4376-A066-2A32D752A2FF}</UniqueIdentifier>
      <Extensions>cpp;c;cc;cxx;def;odl;idl;hpj;bat;asm;asmx</Extensions>
    </Filter>
    <Filter Include="头文件">
      <UniqueIdentifier>{93995380-89BD-4b04-88EB-625FBE52EBFB}</UniqueIdentifier>
      <Extensions>h;hpp;hxx;hm;inl;inc;xsd</Extensions>
    </Filter>
    <Filter Include="资源文件">
      <UniqueIdentifier>{67DA6AB6-F800-4c08-8B7A-83BB121AAD01}</UniqueIdentifier>
      <Extensions>rc;ico;cur;bmp;dlg;rc2;rct;bin;rgs;gif;jpg;jpeg;jpe;resx;tiff;tif;png;wav;mfcribbon-ms</Extensions>
    </Filter>
    <Filter Include="UI">
      <UniqueIdentifier>{9c0007df-7e23-459c-b95a-30b40f9d7f62}</UniqueIdentifier>
    </Filter>
    <Filter Include="json">
      <UniqueIdentifier>{ba292bb3-366a-4a8d-9324-579fdacce8ef}</UniqueIdentifier>
    </Filter>
  </ItemGroup>
  <ItemGroup>
    <None Include="ReadMe.txt" />
    <None Include="res\Koala.ico">
      <Filter>资源文件</Filter>
    </None>
    <None Include="res\OverView.ico">
      <Filter>资源文件</Filter>
    </None>
    <None Include="res\Send.ico">
      <Filter>资源文件</Filter>
    </None>
    <None Include="json\json_internalarray.inl">
      <Filter>json</Filter>
    </None>
    <None Include="json\json_internalmap.inl">
      <Filter>json</Filter>
    </None>
    <None Include="json\json_valueiterator.inl">
      <Filter>json</Filter>
    </None>
    <None Include="res\progress1.bmp">
      <Filter>资源文件</Filter>
    </None>
    <None Include="res\sig_3.bmp">
      <Filter>资源文件</Filter>
    </None>
    <None Include="res\sig_2.bmp">
      <Filter>资源文件</Filter>
    </None>
    <None Include="res\sig_1.bmp">
      <Filter>资源文件</Filter>
    </None>
    <None Include="res\sig_0.bmp">
      <Filter>资源文件</Filter>
    </None>
    <None Include="res\lock.bmp">
      <Filter>资源文件</Filter>
    </None>
    <None Include="res\unlock.bmp">
      <Filter>资源文件</Filter>
    </None>
    <None Include="res\close.bmp">
      <Filter>资源文件</Filter>
    </None>
    <None Include="res\warning_icon.bmp">
      <Filter>资源文件</Filter>
    </None>
    <None Include="res\wallet_uiproen.bmp">
      <Filter>资源文件</Filter>
    </None>
    <None Include="res\title.bmp">
      <Filter>资源文件</Filter>
    </None>
    <None Include="res\tip_icon.bmp">
      <Filter>资源文件</Filter>
    </None>
    <None Include="res\bitmap_p.bmp">
      <Filter>资源文件</Filter>
    </None>
    <None Include="res\error_icon.bmp">
      <Filter>资源文件</Filter>
    </None>
    <None Include="res\contentbk.bmp">
      <Filter>资源文件</Filter>
    </None>
    <None Include="res\close3.bmp">
      <Filter>资源文件</Filter>
    </None>
    <None Include="res\close2.bmp">
      <Filter>资源文件</Filter>
    </None>
    <None Include="res\close1.bmp">
      <Filter>资源文件</Filter>
    </None>
    <None Include="res\btn3.bmp">
      <Filter>资源文件</Filter>
    </None>
    <None Include="res\btn2.bmp">
      <Filter>资源文件</Filter>
    </None>
    <None Include="res\btn1.bmp">
      <Filter>资源文件</Filter>
    </None>
    <None Include="res\gaikangpsd.bmp">
      <Filter>资源文件</Filter>
    </None>
    <None Include="res\fasong.bmp">
      <Filter>资源文件</Filter>
    </None>
    <None Include="res\dizhixunaze.ico">
      <Filter>资源文件</Filter>
    </None>
    <None Include="res\fasong.ico">
      <Filter>资源文件</Filter>
    </None>
    <None Include="res\gaikangpsd.ico">
      <Filter>资源文件</Filter>
    </None>
    <None Include="res\jiaoyijilu-1.ico">
      <Filter>资源文件</Filter>
    </None>
    <None Include="res\jieshou.ico">
      <Filter>资源文件</Filter>
    </None>
    <None Include="res\kaola-logo-.ico">
      <Filter>资源文件</Filter>
    </None>
    <None Include="res\qiyexinxi.ico">
      <Filter>资源文件</Filter>
    </None>
  </ItemGroup>
  <ItemGroup>
    <ClInclude Include="Koala.h">
      <Filter>头文件</Filter>
    </ClInclude>
    <ClInclude Include="KoalaDlg.h">
      <Filter>头文件</Filter>
    </ClInclude>
    <ClInclude Include="stdafx.h">
      <Filter>头文件</Filter>
    </ClInclude>
    <ClInclude Include="targetver.h">
      <Filter>头文件</Filter>
    </ClInclude>
    <ClInclude Include="Resource.h">
      <Filter>头文件</Filter>
    </ClInclude>
    <ClInclude Include="OverviewDlg.h">
      <Filter>头文件</Filter>
    </ClInclude>
    <ClInclude Include="SendDlg.h">
      <Filter>头文件</Filter>
    </ClInclude>
    <ClInclude Include="ReceiveDlg.h">
      <Filter>头文件</Filter>
    </ClInclude>
    <ClInclude Include="TradeRecordDlg.h">
      <Filter>头文件</Filter>
    </ClInclude>
    <ClInclude Include="EntRigeistDlg.h">
      <Filter>头文件</Filter>
    </ClInclude>
    <ClInclude Include="CompanyInfoDlg.h">
      <Filter>头文件</Filter>
    </ClInclude>
    <ClInclude Include="StatusDlg.h">
      <Filter>头文件</Filter>
    </ClInclude>
    <ClInclude Include="OpenUriDlg.h">
      <Filter>头文件</Filter>
    </ClInclude>
    <ClInclude Include="MsgSigDlg.h">
      <Filter>头文件</Filter>
    </ClInclude>
    <ClInclude Include="SignDlg.h">
      <Filter>头文件</Filter>
    </ClInclude>
    <ClInclude Include="VerifyDlg.h">
      <Filter>头文件</Filter>
    </ClInclude>
    <ClInclude Include="WalletEncDlg.h">
      <Filter>头文件</Filter>
    </ClInclude>
    <ClInclude Include="ModifyPasswordDlg.h">
      <Filter>头文件</Filter>
    </ClInclude>
    <ClInclude Include="ToolDlg.h">
      <Filter>头文件</Filter>
    </ClInclude>
    <ClInclude Include="ToolCmdDlg.h">
      <Filter>头文件</Filter>
    </ClInclude>
    <ClInclude Include="ToolInfoDlg.h">
      <Filter>头文件</Filter>
    </ClInclude>
    <ClInclude Include="ToolPeerListDlg.h">
      <Filter>头文件</Filter>
    </ClInclude>
    <ClInclude Include="VersionDlg.h">
      <Filter>头文件</Filter>
    </ClInclude>
    <ClInclude Include="CmdHelpDlg.h">
      <Filter>头文件</Filter>
    </ClInclude>
    <ClInclude Include="RPDlg.h">
      <Filter>头文件</Filter>
    </ClInclude>
    <ClInclude Include="UI\BtnST.h">
      <Filter>UI</Filter>
    </ClInclude>
    <ClInclude Include="UI\CJFlatComboBox.h">
      <Filter>UI</Filter>
    </ClInclude>
    <ClInclude Include="UI\FlatEdit.h">
      <Filter>UI</Filter>
    </ClInclude>
    <ClInclude Include="UI\HeaderCtrlCl.h">
      <Filter>UI</Filter>
    </ClInclude>
    <ClInclude Include="UI\ListCtrlCl.h">
      <Filter>UI</Filter>
    </ClInclude>
    <ClInclude Include="UI\CoolTabCtrl.h">
      <Filter>UI</Filter>
    </ClInclude>
    <ClInclude Include="AddrSelectDlg.h">
      <Filter>头文件</Filter>
    </ClInclude>
    <ClInclude Include="DrawButton.h">
      <Filter>头文件</Filter>
    </ClInclude>
    <ClInclude Include="SetAdminDlg.h">
      <Filter>头文件</Filter>
    </ClInclude>
    <ClInclude Include="JsonConfigHelp.h">
      <Filter>头文件</Filter>
    </ClInclude>
    <ClInclude Include="CommonStruct.h">
      <Filter>头文件</Filter>
    </ClInclude>
    <ClInclude Include="RpcCmd.h">
      <Filter>头文件</Filter>
    </ClInclude>
    <ClInclude Include="UiHead.h">
      <Filter>头文件</Filter>
    </ClInclude>
    <ClInclude Include="SynchronousSocket.h">
      <Filter>头文件</Filter>
    </ClInclude>
    <ClInclude Include="Log.h">
      <Filter>头文件</Filter>
    </ClInclude>
    <ClInclude Include="tinyformat.h">
      <Filter>头文件</Filter>
    </ClInclude>
    <ClInclude Include="sqlite3.h">
      <Filter>头文件</Filter>
    </ClInclude>
    <ClInclude Include="AutoComplete.h">
      <Filter>头文件</Filter>
    </ClInclude>
    <ClInclude Include="Subclass.h">
      <Filter>头文件</Filter>
    </ClInclude>
    <ClInclude Include="DialogBase.h">
      <Filter>头文件</Filter>
    </ClInclude>
    <ClInclude Include="ShadeButtonST.h">
      <Filter>头文件</Filter>
    </ClInclude>
    <ClInclude Include="CeXDib.h">
      <Filter>头文件</Filter>
    </ClInclude>
    <ClInclude Include="StaticTrans.h">
      <Filter>头文件</Filter>
    </ClInclude>
    <ClInclude Include="json\assertions.h">
      <Filter>json</Filter>
    </ClInclude>
    <ClInclude Include="json\autolink.h">
      <Filter>json</Filter>
    </ClInclude>
    <ClInclude Include="json\config.h">
      <Filter>json</Filter>
    </ClInclude>
    <ClInclude Include="json\features.h">
      <Filter>json</Filter>
    </ClInclude>
    <ClInclude Include="json\forwards.h">
      <Filter>json</Filter>
    </ClInclude>
    <ClInclude Include="json\json.h">
      <Filter>json</Filter>
    </ClInclude>
    <ClInclude Include="json\json_batchallocator.h">
      <Filter>json</Filter>
    </ClInclude>
    <ClInclude Include="json\json_tool.h">
      <Filter>json</Filter>
    </ClInclude>
    <ClInclude Include="json\reader.h">
      <Filter>json</Filter>
    </ClInclude>
    <ClInclude Include="json\value.h">
      <Filter>json</Filter>
    </ClInclude>
    <ClInclude Include="json\version.h">
      <Filter>json</Filter>
    </ClInclude>
    <ClInclude Include="json\writer.h">
      <Filter>json</Filter>
    </ClInclude>
    <ClInclude Include="MyQueue.h">
      <Filter>头文件</Filter>
    </ClInclude>
    <ClInclude Include="config.h">
      <Filter>头文件</Filter>
    </ClInclude>
    <ClInclude Include="HSocket.h">
      <Filter>头文件</Filter>
    </ClInclude>
    <ClInclude Include="NoUiMsgBuffer.h">
      <Filter>头文件</Filter>
    </ClInclude>
    <ClInclude Include="GIFControl.h">
      <Filter>头文件</Filter>
    </ClInclude>
    <ClInclude Include="MyMutex.h">
      <Filter>头文件</Filter>
    </ClInclude>
    <ClInclude Include="PostMsg.h">
      <Filter>头文件</Filter>
    </ClInclude>
    <ClInclude Include="SqliteDeal.h">
      <Filter>头文件</Filter>
    </ClInclude>
    <ClInclude Include="SplashThread.h">
      <Filter>头文件</Filter>
    </ClInclude>
    <ClInclude Include="XProgressCtrl.h">
      <Filter>头文件</Filter>
    </ClInclude>
    <ClInclude Include="uiapi.h">
      <Filter>头文件</Filter>
    </ClInclude>
    <ClInclude Include="StartProgress.h">
      <Filter>头文件</Filter>
    </ClInclude>
    <ClInclude Include="BalloonTip.h">
      <Filter>头文件</Filter>
    </ClInclude>
    <ClInclude Include="OutGifDlg.h">
      <Filter>头文件</Filter>
    </ClInclude>
    <ClInclude Include="NewAddressDlg.h">
      <Filter>头文件</Filter>
    </ClInclude>
    <ClInclude Include="SignAccountsDlg.h">
      <Filter>头文件</Filter>
    </ClInclude>
    <ClInclude Include="EntCfgDlg.h">
      <Filter>头文件</Filter>
    </ClInclude>
    <ClInclude Include="EntRechargeDlg.h">
      <Filter>头文件</Filter>
    </ClInclude>
    <ClInclude Include="EntWithdrawDlg.h">
      <Filter>头文件</Filter>
    </ClInclude>
    <ClInclude Include="AddrBookDlg.h">
      <Filter>头文件</Filter>
    </ClInclude>
    <ClInclude Include="EntAddrBookDlg.h">
      <Filter>头文件</Filter>
    </ClInclude>
    <ClInclude Include="PayeeAddrBookDlg.h">
      <Filter>头文件</Filter>
    </ClInclude>
    <ClInclude Include="NewSendAddr.h">
      <Filter>头文件</Filter>
    </ClInclude>
    <ClInclude Include="MessageBoxEx.h">
      <Filter>头文件</Filter>
    </ClInclude>
    <ClInclude Include="NewRecvAddr.h">
      <Filter>头文件</Filter>
    </ClInclude>
    <ClInclude Include="SelectRecvAddr.h">
      <Filter>头文件</Filter>
    </ClInclude>
    <ClInclude Include="SelectSendAddr.h">
      <Filter>头文件</Filter>
    </ClInclude>
    <ClInclude Include="WalletPassPhrase.h">
      <Filter>头文件</Filter>
    </ClInclude>
    <ClInclude Include="BmpBtn.h">
      <Filter>头文件</Filter>
    </ClInclude>
    <ClInclude Include="TxDetailDlg.h">
      <Filter>头文件</Filter>
    </ClInclude>
    <ClInclude Include="explorer1.h">
      <Filter>头文件</Filter>
    </ClInclude>
    <ClInclude Include="EntInfoDlg.h">
      <Filter>头文件</Filter>
    </ClInclude>
    <ClInclude Include="mdump.h">
      <Filter>头文件</Filter>
    </ClInclude>
  </ItemGroup>
  <ItemGroup>
    <ClCompile Include="Koala.cpp">
      <Filter>源文件</Filter>
    </ClCompile>
    <ClCompile Include="KoalaDlg.cpp">
      <Filter>源文件</Filter>
    </ClCompile>
    <ClCompile Include="stdafx.cpp">
      <Filter>源文件</Filter>
    </ClCompile>
    <ClCompile Include="OverviewDlg.cpp">
      <Filter>源文件</Filter>
    </ClCompile>
    <ClCompile Include="SendDlg.cpp">
      <Filter>源文件</Filter>
    </ClCompile>
    <ClCompile Include="ReceiveDlg.cpp">
      <Filter>源文件</Filter>
    </ClCompile>
    <ClCompile Include="TradeRecordDlg.cpp">
      <Filter>源文件</Filter>
    </ClCompile>
    <ClCompile Include="EntRigeistDlg.cpp">
      <Filter>源文件</Filter>
    </ClCompile>
    <ClCompile Include="CompanyInfoDlg.cpp">
      <Filter>源文件</Filter>
    </ClCompile>
    <ClCompile Include="StatusDlg.cpp">
      <Filter>源文件</Filter>
    </ClCompile>
    <ClCompile Include="OpenUriDlg.cpp">
      <Filter>源文件</Filter>
    </ClCompile>
    <ClCompile Include="MsgSigDlg.cpp">
      <Filter>源文件</Filter>
    </ClCompile>
    <ClCompile Include="SignDlg.cpp">
      <Filter>源文件</Filter>
    </ClCompile>
    <ClCompile Include="VerifyDlg.cpp">
      <Filter>源文件</Filter>
    </ClCompile>
    <ClCompile Include="WalletEncDlg.cpp">
      <Filter>源文件</Filter>
    </ClCompile>
    <ClCompile Include="ModifyPasswordDlg.cpp">
      <Filter>源文件</Filter>
    </ClCompile>
    <ClCompile Include="ToolDlg.cpp">
      <Filter>源文件</Filter>
    </ClCompile>
    <ClCompile Include="ToolCmdDlg.cpp">
      <Filter>源文件</Filter>
    </ClCompile>
    <ClCompile Include="ToolInfoDlg.cpp">
      <Filter>源文件</Filter>
    </ClCompile>
    <ClCompile Include="ToolPeerListDlg.cpp">
      <Filter>源文件</Filter>
    </ClCompile>
    <ClCompile Include="VersionDlg.cpp">
      <Filter>源文件</Filter>
    </ClCompile>
    <ClCompile Include="CmdHelpDlg.cpp">
      <Filter>源文件</Filter>
    </ClCompile>
    <ClCompile Include="RPDlg.cpp">
      <Filter>源文件</Filter>
    </ClCompile>
    <ClCompile Include="UI\BtnST.cpp">
      <Filter>UI</Filter>
    </ClCompile>
    <ClCompile Include="UI\CJFlatComboBox.cpp">
      <Filter>UI</Filter>
    </ClCompile>
    <ClCompile Include="UI\FlatEdit.cpp">
      <Filter>UI</Filter>
    </ClCompile>
    <ClCompile Include="UI\HeaderCtrlCl.cpp">
      <Filter>UI</Filter>
    </ClCompile>
    <ClCompile Include="UI\ListCtrlCl.cpp">
      <Filter>UI</Filter>
    </ClCompile>
    <ClCompile Include="UI\CoolTabCtrl.cpp">
      <Filter>UI</Filter>
    </ClCompile>
    <ClCompile Include="AddrSelectDlg.cpp">
      <Filter>源文件</Filter>
    </ClCompile>
    <ClCompile Include="DrawButton.cpp">
      <Filter>源文件</Filter>
    </ClCompile>
    <ClCompile Include="SetAdminDlg.cpp">
      <Filter>源文件</Filter>
    </ClCompile>
    <ClCompile Include="JsonConfigHelp.cpp">
      <Filter>源文件</Filter>
    </ClCompile>
    <ClCompile Include="CommonStruct.cpp">
      <Filter>源文件</Filter>
    </ClCompile>
    <ClCompile Include="RpcCmd.cpp">
      <Filter>源文件</Filter>
    </ClCompile>
    <ClCompile Include="UiHead.cpp">
      <Filter>源文件</Filter>
    </ClCompile>
    <ClCompile Include="SynchronousSocket.cpp">
      <Filter>源文件</Filter>
    </ClCompile>
    <ClCompile Include="Log.cpp">
      <Filter>源文件</Filter>
    </ClCompile>
    <ClCompile Include="AutoComplete.cpp">
      <Filter>源文件</Filter>
    </ClCompile>
    <ClCompile Include="Subclass.cpp">
      <Filter>源文件</Filter>
    </ClCompile>
    <ClCompile Include="DialogBase.cpp">
      <Filter>源文件</Filter>
    </ClCompile>
    <ClCompile Include="ShadeButtonST.cpp">
      <Filter>源文件</Filter>
    </ClCompile>
    <ClCompile Include="CeXDib.cpp">
      <Filter>源文件</Filter>
    </ClCompile>
    <ClCompile Include="StaticTrans.cpp">
      <Filter>源文件</Filter>
    </ClCompile>
    <ClCompile Include="json\json_reader.cpp">
      <Filter>json</Filter>
    </ClCompile>
    <ClCompile Include="json\json_value.cpp">
      <Filter>json</Filter>
    </ClCompile>
    <ClCompile Include="json\json_writer.cpp">
      <Filter>json</Filter>
    </ClCompile>
    <ClCompile Include="MyQueue.cpp">
      <Filter>源文件</Filter>
    </ClCompile>
    <ClCompile Include="HSocket.cpp">
      <Filter>源文件</Filter>
    </ClCompile>
    <ClCompile Include="NoUiMsgBuffer.cpp">
      <Filter>源文件</Filter>
    </ClCompile>
    <ClCompile Include="GIFControl.cpp">
      <Filter>源文件</Filter>
    </ClCompile>
    <ClCompile Include="MyMutex.cpp">
      <Filter>源文件</Filter>
    </ClCompile>
    <ClCompile Include="PostMsg.cpp">
      <Filter>源文件</Filter>
    </ClCompile>
    <ClCompile Include="SqliteDeal.cpp">
      <Filter>源文件</Filter>
    </ClCompile>
    <ClCompile Include="SplashThread.cpp">
      <Filter>源文件</Filter>
    </ClCompile>
    <ClCompile Include="XProgressCtrl.cpp">
      <Filter>源文件</Filter>
    </ClCompile>
    <ClCompile Include="uiapi.cpp">
      <Filter>源文件</Filter>
    </ClCompile>
    <ClCompile Include="KoalaDB.cpp">
      <Filter>源文件</Filter>
    </ClCompile>
    <ClCompile Include="StartProgress.cpp">
      <Filter>源文件</Filter>
    </ClCompile>
    <ClCompile Include="BalloonTip.cpp">
      <Filter>源文件</Filter>
    </ClCompile>
    <ClCompile Include="OutGifDlg.cpp">
      <Filter>源文件</Filter>
    </ClCompile>
    <ClCompile Include="NewAddressDlg.cpp">
      <Filter>源文件</Filter>
    </ClCompile>
    <ClCompile Include="SignAccountsDlg.cpp">
      <Filter>源文件</Filter>
    </ClCompile>
    <ClCompile Include="EntCfgDlg.cpp">
      <Filter>源文件</Filter>
    </ClCompile>
    <ClCompile Include="EntRechargeDlg.cpp">
      <Filter>源文件</Filter>
    </ClCompile>
    <ClCompile Include="EntWithdrawDlg.cpp">
      <Filter>源文件</Filter>
    </ClCompile>
    <ClCompile Include="AddrBookDlg.cpp">
      <Filter>源文件</Filter>
    </ClCompile>
    <ClCompile Include="EntAddrBookDlg.cpp">
      <Filter>源文件</Filter>
    </ClCompile>
    <ClCompile Include="PayeeAddrBookDlg.cpp">
      <Filter>源文件</Filter>
    </ClCompile>
    <ClCompile Include="NewSendAddr.cpp">
      <Filter>源文件</Filter>
    </ClCompile>
    <ClCompile Include="MessageBoxEx.cpp">
      <Filter>源文件</Filter>
    </ClCompile>
    <ClCompile Include="NewRecvAddr.cpp">
      <Filter>源文件</Filter>
    </ClCompile>
    <ClCompile Include="SelectRecvAddr.cpp">
      <Filter>源文件</Filter>
    </ClCompile>
    <ClCompile Include="SelectSendAddr.cpp">
      <Filter>源文件</Filter>
    </ClCompile>
    <ClCompile Include="WalletPassPhrase.cpp">
      <Filter>源文件</Filter>
    </ClCompile>
    <ClCompile Include="BmpBtn.cpp">
      <Filter>源文件</Filter>
    </ClCompile>
    <ClCompile Include="TxDetailDlg.cpp">
      <Filter>源文件</Filter>
    </ClCompile>
    <ClCompile Include="explorer1.cpp">
      <Filter>源文件</Filter>
    </ClCompile>
    <ClCompile Include="EntInfoDlg.cpp">
      <Filter>源文件</Filter>
    </ClCompile>
    <ClCompile Include="mdump.cpp">
      <Filter>源文件</Filter>
    </ClCompile>
  </ItemGroup>
  <ItemGroup>
    <ResourceCompile Include="Koala.rc">
      <Filter>资源文件</Filter>
    </ResourceCompile>
  </ItemGroup>
</Project>